# THIS IS AN AUTOGENERATED FILE. DO NOT EDIT THIS FILE DIRECTLY.
# yarn lockfile v1


axios@^0.26.1:
  version "0.26.1"
  resolved "https://registry.yarnpkg.com/axios/-/axios-0.26.1.tgz#1ede41c51fcf51bbbd6fd43669caaa4f0495aaa9"
  integrity sha512-fPwcX4EvnSHuInCMItEhAGnaSEXRBjtzh9fOtsE6E1G6p7vl7edEeZe11QHf18+6+9gR5PbKV/sGKNaD8YaMeA==
  dependencies:
    follow-redirects "^1.14.8"

callback-chunk@^0.1.2:
  version "0.1.2"
  resolved "https://registry.yarnpkg.com/callback-chunk/-/callback-chunk-0.1.2.tgz#d8bf748e6594eaf957cce0c7b31891dc557974f2"
  integrity sha512-AGGfWUnt9Vc/G7DtCw5vn6iof+yVTenDtaZt6SunGXZU0CKgNtroppkS+tQjV1ltwSEKrnqkrDny19joC4Bn2w==

clone@^2.1.2:
  version "2.1.2"
  resolved "https://registry.yarnpkg.com/clone/-/clone-2.1.2.tgz#1b7f4b9f591f1e8f83670401600345a02887435f"
  integrity sha512-3Pe/CF1Nn94hyhIYpjtiLhdCoEoz0DqQ+988E9gmeEdQZlojxnOb74wctFyuwWQHzqyf9X7C7MG8juUpqBJT8w==

fill-object@^0.1.1:
  version "0.1.2"
  resolved "https://registry.yarnpkg.com/fill-object/-/fill-object-0.1.2.tgz#3a5237b37dc17ddd990af3ecf899c0d82bcac3d1"
  integrity sha512-l9HvcyUuSzys5AKYG5oFAfVFZuEiBpMkx207I1W0AdW07hGtFxFiUIw0YNIGsPtztUvLk68GZdUbLJUSsQAuEg==
  dependencies:
    clone "^2.1.2"

follow-redirects@^1.14.8:
  version "1.15.1"
  resolved "https://registry.yarnpkg.com/follow-redirects/-/follow-redirects-1.15.1.tgz#0ca6a452306c9b276e4d3127483e29575e207ad5"
  integrity sha512-yLAMQs+k0b2m7cVxpS1VKJVvoz7SS9Td1zss3XRwXj+ZDH00RJgnuLx7E44wx02kQLrdM3aOOy+FpzS7+8OizA==

graph-interface@^1.0.0:
  version "1.0.0"
  resolved "https://registry.yarnpkg.com/graph-interface/-/graph-interface-1.0.0.tgz#9bbd9431f6b301b23e9d0538914c3f54a70b7d7f"
  integrity sha512-+FppZ9MG3maZ09Uo1vzo53FZb6Myu6d11cxq6pwuIoYaM++WcjOmMhRUxlkHyJGrf7LC8EHqWXhOIHbzwZiwlw==
  dependencies:
    axios "^0.26.1"
    callback-chunk "^0.1.2"
    fill-object "^0.1.1"
    is-absolute-url "^4.0.1"

is-absolute-url@^4.0.1:
  version "4.0.1"
  resolved "https://registry.yarnpkg.com/is-absolute-url/-/is-absolute-url-4.0.1.tgz#16e4d487d4fded05cfe0685e53ec86804a5e94dc"
  integrity sha512-/51/TKE88Lmm7Gc4/8btclNXWS+g50wXhYJq8HWIBAGUBnoAdRu1aXeh364t/O7wXDAcTJDP8PNuNKWUDWie+A==
